
Microsoft Visual Studio Solution File, Format Version 12.00
# Visual Studio 14
VisualStudioVersion = 14.0.25420.1
MinimumVisualStudioVersion = 10.0.40219.1
Project("{FAE04EC0-301F-11D3-BF4B-00C04F79EFBC}") = "Localization.Droid", "Localization\Localization.Droid\Localization.Droid.csproj", "{8E52BE56-BA4E-4E80-8A85-98742F1AA10B}"
EndProject
Project("{FAE04EC0-301F-11D3-BF4B-00C04F79EFBC}") = "Localization.iOS", "Localization\Localization.iOS\Localization.iOS.csproj", "{E52E9D3F-08F9-4CDC-8884-3EBB0718DFA6}"
EndProject
Project("{FAE04EC0-301F-11D3-BF4B-00C04F79EFBC}") = "Localization", "Localization\Localization\Localization.csproj", "{49E71771-35CE-4736-AE27-CB3338FE1E8B}"
EndProject
Global
	GlobalSection(SolutionConfigurationPlatforms) = preSolution
		Ad-Hoc|Any CPU = Ad-Hoc|Any CPU
		Ad-Hoc|iPhone = Ad-Hoc|iPhone
		Ad-Hoc|iPhoneSimulator = Ad-Hoc|iPhoneSimulator
		AppStore|Any CPU = AppStore|Any CPU
		AppStore|iPhone = AppStore|iPhone
		AppStore|iPhoneSimulator = AppStore|iPhoneSimulator
		Debug|Any CPU = Debug|Any CPU
		Debug|iPhone = Debug|iPhone
		Debug|iPhoneSimulator = Debug|iPhoneSimulator
		Release|Any CPU = Release|Any CPU
		Release|iPhone = Release|iPhone
		Release|iPhoneSimulator = Release|iPhoneSimulator
	EndGlobalSection
	GlobalSection(ProjectConfigurationPlatforms) = postSolution
		{8E52BE56-BA4E-4E80-8A85-98742F1AA10B}.Ad-Hoc|Any CPU.ActiveCfg = Release|Any CPU
		{8E52BE56-BA4E-4E80-8A85-98742F1AA10B}.Ad-Hoc|Any CPU.Build.0 = Release|Any CPU
		{8E52BE56-BA4E-4E80-8A85-98742F1AA10B}.Ad-Hoc|Any CPU.Deploy.0 = Release|Any CPU
		{8E52BE56-BA4E-4E80-8A85-98742F1AA10B}.Ad-Hoc|iPhone.ActiveCfg = Release|Any CPU
		{8E52BE56-BA4E-4E80-8A85-98742F1AA10B}.Ad-Hoc|iPhone.Build.0 = Release|Any CPU
		{8E52BE56-BA4E-4E80-8A85-98742F1AA10B}.Ad-Hoc|iPhone.Deploy.0 = Release|Any CPU
		{8E52BE56-BA4E-4E80-8A85-98742F1AA10B}.Ad-Hoc|iPhoneSimulator.ActiveCfg = Release|Any CPU
		{8E52BE56-BA4E-4E80-8A85-98742F1AA10B}.Ad-Hoc|iPhoneSimulator.Build.0 = Release|Any CPU
		{8E52BE56-BA4E-4E80-8A85-98742F1AA10B}.Ad-Hoc|iPhoneSimulator.Deploy.0 = Release|Any CPU
		{8E52BE56-BA4E-4E80-8A85-98742F1AA10B}.AppStore|Any CPU.ActiveCfg = Release|Any CPU
		{8E52BE56-BA4E-4E80-8A85-98742F1AA10B}.AppStore|Any CPU.Build.0 = Release|Any CPU
		{8E52BE56-BA4E-4E80-8A85-98742F1AA10B}.AppStore|Any CPU.Deploy.0 = Release|Any CPU
		{8E52BE56-BA4E-4E80-8A85-98742F1AA10B}.AppStore|iPhone.ActiveCfg = Release|Any CPU
		{8E52BE56-BA4E-4E80-8A85-98742F1AA10B}.AppStore|iPhone.Build.0 = Release|Any CPU
		{8E52BE56-BA4E-4E80-8A85-98742F1AA10B}.AppStore|iPhone.Deploy.0 = Release|Any CPU
		{8E52BE56-BA4E-4E80-8A85-98742F1AA10B}.AppStore|iPhoneSimulator.ActiveCfg = Release|Any CPU
		{8E52BE56-BA4E-4E80-8A85-98742F1AA10B}.AppStore|iPhoneSimulator.Build.0 = Release|Any CPU
		{8E52BE56-BA4E-4E80-8A85-98742F1AA10B}.AppStore|iPhoneSimulator.Deploy.0 = Release|Any CPU
		{8E52BE56-BA4E-4E80-8A85-98742F1AA10B}.Debug|Any CPU.ActiveCfg = Debug|Any CPU
		{8E52BE56-BA4E-4E80-8A85-98742F1AA10B}.Debug|Any CPU.Build.0 = Debug|Any CPU
		{8E52BE56-BA4E-4E80-8A85-98742F1AA10B}.Debug|Any CPU.Deploy.0 = Debug|Any CPU
		{8E52BE56-BA4E-4E80-8A85-98742F1AA10B}.Debug|iPhone.ActiveCfg = Debug|Any CPU
		{8E52BE56-BA4E-4E80-8A85-98742F1AA10B}.Debug|iPhone.Build.0 = Debug|Any CPU
		{8E52BE56-BA4E-4E80-8A85-98742F1AA10B}.Debug|iPhone.Deploy.0 = Debug|Any CPU
		{8E52BE56-BA4E-4E80-8A85-98742F1AA10B}.Debug|iPhoneSimulator.ActiveCfg = Debug|Any CPU
		{8E52BE56-BA4E-4E80-8A85-98742F1AA10B}.Debug|iPhoneSimulator.Build.0 = Debug|Any CPU
		{8E52BE56-BA4E-4E80-8A85-98742F1AA10B}.Debug|iPhoneSimulator.Deploy.0 = Debug|Any CPU
		{8E52BE56-BA4E-4E80-8A85-98742F1AA10B}.Release|Any CPU.ActiveCfg = Release|Any CPU
		{8E52BE56-BA4E-4E80-8A85-98742F1AA10B}.Release|Any CPU.Build.0 = Release|Any CPU
		{8E52BE56-BA4E-4E80-8A85-98742F1AA10B}.Release|Any CPU.Deploy.0 = Release|Any CPU
		{8E52BE56-BA4E-4E80-8A85-98742F1AA10B}.Release|iPhone.ActiveCfg = Release|Any CPU
		{8E52BE56-BA4E-4E80-8A85-98742F1AA10B}.Release|iPhone.Build.0 = Release|Any CPU
		{8E52BE56-BA4E-4E80-8A85-98742F1AA10B}.Release|iPhone.Deploy.0 = Release|Any CPU
		{8E52BE56-BA4E-4E80-8A85-98742F1AA10B}.Release|iPhoneSimulator.ActiveCfg = Release|Any CPU
		{8E52BE56-BA4E-4E80-8A85-98742F1AA10B}.Release|iPhoneSimulator.Build.0 = Release|Any CPU
		{8E52BE56-BA4E-4E80-8A85-98742F1AA10B}.Release|iPhoneSimulator.Deploy.0 = Release|Any CPU
		{E52E9D3F-08F9-4CDC-8884-3EBB0718DFA6}.Ad-Hoc|Any CPU.ActiveCfg = Ad-Hoc|iPhone
		{E52E9D3F-08F9-4CDC-8884-3EBB0718DFA6}.Ad-Hoc|iPhone.ActiveCfg = Ad-Hoc|iPhone
		{E52E9D3F-08F9-4CDC-8884-3EBB0718DFA6}.Ad-Hoc|iPhone.Build.0 = Ad-Hoc|iPhone
		{E52E9D3F-08F9-4CDC-8884-3EBB0718DFA6}.Ad-Hoc|iPhoneSimulator.ActiveCfg = Ad-Hoc|iPhoneSimulator
		{E52E9D3F-08F9-4CDC-8884-3EBB0718DFA6}.Ad-Hoc|iPhoneSimulator.Build.0 = Ad-Hoc|iPhoneSimulator
		{E52E9D3F-08F9-4CDC-8884-3EBB0718DFA6}.AppStore|Any CPU.ActiveCfg = AppStore|iPhone
		{E52E9D3F-08F9-4CDC-8884-3EBB0718DFA6}.AppStore|iPhone.ActiveCfg = AppStore|iPhone
		{E52E9D3F-08F9-4CDC-8884-3EBB0718DFA6}.AppStore|iPhone.Build.0 = AppStore|iPhone
		{E52E9D3F-08F9-4CDC-8884-3EBB0718DFA6}.AppStore|iPhoneSimulator.ActiveCfg = AppStore|iPhoneSimulator
		{E52E9D3F-08F9-4CDC-8884-3EBB0718DFA6}.AppStore|iPhoneSimulator.Build.0 = AppStore|iPhoneSimulator
		{E52E9D3F-08F9-4CDC-8884-3EBB0718DFA6}.Debug|Any CPU.ActiveCfg = Debug|iPhone
		{E52E9D3F-08F9-4CDC-8884-3EBB0718DFA6}.Debug|iPhone.ActiveCfg = Debug|iPhone
		{E52E9D3F-08F9-4CDC-8884-3EBB0718DFA6}.Debug|iPhone.Build.0 = Debug|iPhone
		{E52E9D3F-08F9-4CDC-8884-3EBB0718DFA6}.Debug|iPhoneSimulator.ActiveCfg = Debug|iPhoneSimulator
		{E52E9D3F-08F9-4CDC-8884-3EBB0718DFA6}.Debug|iPhoneSimulator.Build.0 = Debug|iPhoneSimulator
		{E52E9D3F-08F9-4CDC-8884-3EBB0718DFA6}.Release|Any CPU.ActiveCfg = Release|iPhone
		{E52E9D3F-08F9-4CDC-8884-3EBB0718DFA6}.Release|iPhone.ActiveCfg = Release|iPhone
		{E52E9D3F-08F9-4CDC-8884-3EBB0718DFA6}.Release|iPhone.Build.0 = Release|iPhone
		{E52E9D3F-08F9-4CDC-8884-3EBB0718DFA6}.Release|iPhoneSimulator.ActiveCfg = Release|iPhoneSimulator
		{E52E9D3F-08F9-4CDC-8884-3EBB0718DFA6}.Release|iPhoneSimulator.Build.0 = Release|iPhoneSimulator
		{49E71771-35CE-4736-AE27-CB3338FE1E8B}.Ad-Hoc|Any CPU.ActiveCfg = Release|Any CPU
		{49E71771-35CE-4736-AE27-CB3338FE1E8B}.Ad-Hoc|Any CPU.Build.0 = Release|Any CPU
		{49E71771-35CE-4736-AE27-CB3338FE1E8B}.Ad-Hoc|iPhone.ActiveCfg = Release|Any CPU
		{49E71771-35CE-4736-AE27-CB3338FE1E8B}.Ad-Hoc|iPhone.Build.0 = Release|Any CPU
		{49E71771-35CE-4736-AE27-CB3338FE1E8B}.Ad-Hoc|iPhoneSimulator.ActiveCfg = Release|Any CPU
		{49E71771-35CE-4736-AE27-CB3338FE1E8B}.Ad-Hoc|iPhoneSimulator.Build.0 = Release|Any CPU
		{49E71771-35CE-4736-AE27-CB3338FE1E8B}.AppStore|Any CPU.ActiveCfg = Release|Any CPU
		{49E71771-35CE-4736-AE27-CB3338FE1E8B}.AppStore|Any CPU.Build.0 = Release|Any CPU
		{49E71771-35CE-4736-AE27-CB3338FE1E8B}.AppStore|iPhone.ActiveCfg = Release|Any CPU
		{49E71771-35CE-4736-AE27-CB3338FE1E8B}.AppStore|iPhone.Build.0 = Release|Any CPU
		{49E71771-35CE-4736-AE27-CB3338FE1E8B}.AppStore|iPhoneSimulator.ActiveCfg = Release|Any CPU
		{49E71771-35CE-4736-AE27-CB3338FE1E8B}.AppStore|iPhoneSimulator.Build.0 = Release|Any CPU
		{49E71771-35CE-4736-AE27-CB3338FE1E8B}.Debug|Any CPU.ActiveCfg = Debug|Any CPU
		{49E71771-35CE-4736-AE27-CB3338FE1E8B}.Debug|Any CPU.Build.0 = Debug|Any CPU
		{49E71771-35CE-4736-AE27-CB3338FE1E8B}.Debug|iPhone.ActiveCfg = Debug|Any CPU
		{49E71771-35CE-4736-AE27-CB3338FE1E8B}.Debug|iPhone.Build.0 = Debug|Any CPU
		{49E71771-35CE-4736-AE27-CB3338FE1E8B}.Debug|iPhoneSimulator.ActiveCfg = Debug|Any CPU
		{49E71771-35CE-4736-AE27-CB3338FE1E8B}.Debug|iPhoneSimulator.Build.0 = Debug|Any CPU
		{49E71771-35CE-4736-AE27-CB3338FE1E8B}.Release|Any CPU.ActiveCfg = Release|Any CPU
		{49E71771-35CE-4736-AE27-CB3338FE1E8B}.Release|Any CPU.Build.0 = Release|Any CPU
		{49E71771-35CE-4736-AE27-CB3338FE1E8B}.Release|iPhone.ActiveCfg = Release|Any CPU
		{49E71771-35CE-4736-AE27-CB3338FE1E8B}.Release|iPhone.Build.0 = Release|Any CPU
		{49E71771-35CE-4736-AE27-CB3338FE1E8B}.Release|iPhoneSimulator.ActiveCfg = Release|Any CPU
		{49E71771-35CE-4736-AE27-CB3338FE1E8B}.Release|iPhoneSimulator.Build.0 = Release|Any CPU
	EndGlobalSection
	GlobalSection(SolutionProperties) = preSolution
		HideSolutionNode = FALSE
	EndGlobalSection
EndGlobal
